// !$*UTF8*$!
{
	archiveVersion = 1;
	classes = {
	};
	objectVersion = 50;
	objects = {

/* Begin PBXBuildFile section */
		C325452923C30AF800520D91 /* AppDelegate.swift in Sources */ = {isa = PBXBuildFile; fileRef = C325452823C30AF800520D91 /* AppDelegate.swift */; };
		C325452B23C30AF800520D91 /* SceneDelegate.swift in Sources */ = {isa = PBXBuildFile; fileRef = C325452A23C30AF800520D91 /* SceneDelegate.swift */; };
		C325452D23C30AF800520D91 /* ViewController.swift in Sources */ = {isa = PBXBuildFile; fileRef = C325452C23C30AF800520D91 /* ViewController.swift */; };
		C325453023C30AF800520D91 /* Main.storyboard in Resources */ = {isa = PBXBuildFile; fileRef = C325452E23C30AF800520D91 /* Main.storyboard */; };
		C325453323C30AF800520D91 /* SwiftDemo.xcdatamodeld in Sources */ = {isa = PBXBuildFile; fileRef = C325453123C30AF800520D91 /* SwiftDemo.xcdatamodeld */; };
		C325453523C30AFA00520D91 /* Assets.xcassets in Resources */ = {isa = PBXBuildFile; fileRef = C325453423C30AFA00520D91 /* Assets.xcassets */; };
		C325453823C30AFA00520D91 /* LaunchScreen.storyboard in Resources */ = {isa = PBXBuildFile; fileRef = C325453623C30AFA00520D91 /* LaunchScreen.storyboard */; };
		C325454323C30AFA00520D91 /* SwiftDemoTests.swift in Sources */ = {isa = PBXBuildFile; fileRef = C325454223C30AFA00520D91 /* SwiftDemoTests.swift */; };
		C325454E23C30AFA00520D91 /* SwiftDemoUITests.swift in Sources */ = {isa = PBXBuildFile; fileRef = C325454D23C30AFA00520D91 /* SwiftDemoUITests.swift */; };
/* End PBXBuildFile section */

/* Begin PBXContainerItemProxy section */
		C325453F23C30AFA00520D91 /* PBXContainerItemProxy */ = {
			isa = PBXContainerItemProxy;
			containerPortal = C325451D23C30AF800520D91 /* Project object */;
			proxyType = 1;
			remoteGlobalIDString = C325452423C30AF800520D91;
			remoteInfo = SwiftDemo;
		};
		C325454A23C30AFA00520D91 /* PBXContainerItemProxy */ = {
			isa = PBXContainerItemProxy;
			containerPortal = C325451D23C30AF800520D91 /* Project object */;
			proxyType = 1;
			remoteGlobalIDString = C325452423C30AF800520D91;
			remoteInfo = SwiftDemo;
		};
/* End PBXContainerItemProxy section */

/* Begin PBXFileReference section */
		C325452523C30AF800520D91 /* SwiftDemo.app */ = {isa = PBXFileReference; explicitFileType = wrapper.application; includeInIndex = 0; path = SwiftDemo.app; sourceTree = BUILT_PRODUCTS_DIR; };
		C325452823C30AF800520D91 /* AppDelegate.swift */ = {isa = PBXFileReference; lastKnownFileType = sourcecode.swift; path = AppDelegate.swift; sourceTree = "<group>"; };
		C325452A23C30AF800520D91 /* SceneDelegate.swift */ = {isa = PBXFileReference; lastKnownFileType = sourcecode.swift; path = SceneDelegate.swift; sourceTree = "<group>"; };
		C325452C23C30AF800520D91 /* ViewController.swift */ = {isa = PBXFileReference; lastKnownFileType = sourcecode.swift; path = ViewController.swift; sourceTree = "<group>"; };
		C325452F23C30AF800520D91 /* Base */ = {isa = PBXFileReference; lastKnownFileType = file.storyboard; name = Base; path = Base.lproj/Main.storyboard; sourceTree = "<group>"; };
		C325453223C30AF800520D91 /* SwiftDemo.xcdatamodel */ = {isa = PBXFileReference; lastKnownFileType = wrapper.xcdatamodel; path = SwiftDemo.xcdatamodel; sourceTree = "<group>"; };
		C325453423C30AFA00520D91 /* Assets.xcassets */ = {isa = PBXFileReference; lastKnownFileType = folder.assetcatalog; path = Assets.xcassets; sourceTree = "<group>"; };
		C325453723C30AFA00520D91 /* Base */ = {isa = PBXFileReference; lastKnownFileType = file.storyboard; name = Base; path = Base.lproj/LaunchScreen.storyboard; sourceTree = "<group>"; };
		C325453923C30AFA00520D91 /* Info.plist */ = {isa = PBXFileReference; lastKnownFileType = text.plist.xml; path = Info.plist; sourceTree = "<group>"; };
		C325453E23C30AFA00520D91 /* SwiftDemoTests.xctest */ = {isa = PBXFileReference; explicitFileType = wrapper.cfbundle; includeInIndex = 0; path = SwiftDemoTests.xctest; sourceTree = BUILT_PRODUCTS_DIR; };
		C325454223C30AFA00520D91 /* SwiftDemoTests.swift */ = {isa = PBXFileReference; lastKnownFileType = sourcecode.swift; path = SwiftDemoTests.swift; sourceTree = "<group>"; };
		C325454423C30AFA00520D91 /* Info.plist */ = {isa = PBXFileReference; lastKnownFileType = text.plist.xml; path = Info.plist; sourceTree = "<group>"; };
		C325454923C30AFA00520D91 /* SwiftDemoUITests.xctest */ = {isa = PBXFileReference; explicitFileType = wrapper.cfbundle; includeInIndex = 0; path = SwiftDemoUITests.xctest; sourceTree = BUILT_PRODUCTS_DIR; };
		C325454D23C30AFA00520D91 /* SwiftDemoUITests.swift */ = {isa = PBXFileReference; lastKnownFileType = sourcecode.swift; path = SwiftDemoUITests.swift; sourceTree = "<group>"; };
		C325454F23C30AFA00520D91 /* Info.plist */ = {isa = PBXFileReference; lastKnownFileType = text.plist.xml; path = Info.plist; sourceTree = "<group>"; };
/* End PBXFileReference section */

/* Begin PBXFrameworksBuildPhase section */
		C325452223C30AF800520D91 /* Frameworks */ = {
			isa = PBXFrameworksBuildPhase;
			buildActionMask = 2147483647;
			files = (
			);
			runOnlyForDeploymentPostprocessing = 0;
		};
		C325453B23C30AFA00520D91 /* Frameworks */ = {
			isa = PBXFrameworksBuildPhase;
			buildActionMask = 2147483647;
			files = (
			);
			runOnlyForDeploymentPostprocessing = 0;
		};
		C325454623C30AFA00520D91 /* Frameworks */ = {
			isa = PBXFrameworksBuildPhase;
			buildActionMask = 2147483647;
			files = (
			);
			runOnlyForDeploymentPostprocessing = 0;
		};
/* End PBXFrameworksBuildPhase section */

/* Begin PBXGroup section */
		C325451C23C30AF800520D91 = {
			isa = PBXGroup;
			children = (
				C325452723C30AF800520D91 /* SwiftDemo */,
				C325454123C30AFA00520D91 /* SwiftDemoTests */,
				C325454C23C30AFA00520D91 /* SwiftDemoUITests */,
				C325452623C30AF800520D91 /* Products */,
			);
			sourceTree = "<group>";
		};
		C325452623C30AF800520D91 /* Products */ = {
			isa = PBXGroup;
			children = (
				C325452523C30AF800520D91 /* SwiftDemo.app */,
				C325453E23C30AFA00520D91 /* SwiftDemoTests.xctest */,
				C325454923C30AFA00520D91 /* SwiftDemoUITests.xctest */,
			);
			name = Products;
			sourceTree = "<group>";
		};
		C325452723C30AF800520D91 /* SwiftDemo */ = {
			isa = PBXGroup;
			children = (
				C325452823C30AF800520D91 /* AppDelegate.swift */,
				C325452A23C30AF800520D91 /* SceneDelegate.swift */,
				C325452C23C30AF800520D91 /* ViewController.swift */,
				C325452E23C30AF800520D91 /* Main.storyboard */,
				C325453423C30AFA00520D91 /* Assets.xcassets */,
				C325453623C30AFA00520D91 /* LaunchScreen.storyboard */,
				C325453923C30AFA00520D91 /* Info.plist */,
				C325453123C30AF800520D91 /* SwiftDemo.xcdatamodeld */,
			);
			path = SwiftDemo;
			sourceTree = "<group>";
		};
		C325454123C30AFA00520D91 /* SwiftDemoTests */ = {
			isa = PBXGroup;
			children = (
				C325454223C30AFA00520D91 /* SwiftDemoTests.swift */,
				C325454423C30AFA00520D91 /* Info.plist */,
			);
			path = SwiftDemoTests;
			sourceTree = "<group>";
		};
		C325454C23C30AFA00520D91 /* SwiftDemoUITests */ = {
			isa = PBXGroup;
			children = (
				C325454D23C30AFA00520D91 /* SwiftDemoUITests.swift */,
				C325454F23C30AFA00520D91 /* Info.plist */,
			);
			path = SwiftDemoUITests;
			sourceTree = "<group>";
		};
/* End PBXGroup section */

/* Begin PBXNativeTarget section */
		C325452423C30AF800520D91 /* SwiftDemo */ = {
			isa = PBXNativeTarget;
			buildConfigurationList = C325455223C30AFA00520D91 /* Build configuration list for PBXNativeTarget "SwiftDemo" */;
			buildPhases = (
				C325452123C30AF800520D91 /* Sources */,
				C325452223C30AF800520D91 /* Frameworks */,
				C325452323C30AF800520D91 /* Resources */,
			);
			buildRules = (
			);
			dependencies = (
			);
			name = SwiftDemo;
			productName = SwiftDemo;
			productReference = C325452523C30AF800520D91 /* SwiftDemo.app */;
			productType = "com.apple.product-type.application";
		};
		C325453D23C30AFA00520D91 /* SwiftDemoTests */ = {
			isa = PBXNativeTarget;
			buildConfigurationList = C325455523C30AFA00520D91 /* Build configuration list for PBXNativeTarget "SwiftDemoTests" */;
			buildPhases = (
				C325453A23C30AFA00520D91 /* Sources */,
				C325453B23C30AFA00520D91 /* Frameworks */,
				C325453C23C30AFA00520D91 /* Resources */,
			);
			buildRules = (
			);
			dependencies = (
				C325454023C30AFA00520D91 /* PBXTargetDependency */,
			);
			name = SwiftDemoTests;
			productName = SwiftDemoTests;
			productReference = C325453E23C30AFA00520D91 /* SwiftDemoTests.xctest */;
			productType = "com.apple.product-type.bundle.unit-test";
		};
		C325454823C30AFA00520D91 /* SwiftDemoUITests */ = {
			isa = PBXNativeTarget;
			buildConfigurationList = C325455823C30AFA00520D91 /* Build configuration list for PBXNativeTarget "SwiftDemoUITests" */;
			buildPhases = (
				C325454523C30AFA00520D91 /* Sources */,
				C325454623C30AFA00520D91 /* Frameworks */,
				C325454723C30AFA00520D91 /* Resources */,
			);
			buildRules = (
			);
			dependencies = (
				C325454B23C30AFA00520D91 /* PBXTargetDependency */,
			);
			name = SwiftDemoUITests;
			productName = SwiftDemoUITests;
			productReference = C325454923C30AFA00520D91 /* SwiftDemoUITests.xctest */;
			productType = "com.apple.product-type.bundle.ui-testing";
		};
/* End PBXNativeTarget section */

/* Begin PBXProject section */
		C325451D23C30AF800520D91 /* Project object */ = {
			isa = PBXProject;
			attributes = {
				LastSwiftUpdateCheck = 1120;
				LastUpgradeCheck = 1120;
				ORGANIZATIONNAME = Administrator;
				TargetAttributes = {
					C325452423C30AF800520D91 = {
						CreatedOnToolsVersion = 11.2.1;
					};
					C325453D23C30AFA00520D91 = {
						CreatedOnToolsVersion = 11.2.1;
						TestTargetID = C325452423C30AF800520D91;
					};
					C325454823C30AFA00520D91 = {
						CreatedOnToolsVersion = 11.2.1;
						TestTargetID = C325452423C30AF800520D91;
					};
				};
			};
			buildConfigurationList = C325452023C30AF800520D91 /* Build configuration list for PBXProject "SwiftDemo" */;
			compatibilityVersion = "Xcode 9.3";
			developmentRegion = en;
			hasScannedForEncodings = 0;
			knownRegions = (
				en,
				Base,
			);
			mainGroup = C325451C23C30AF800520D91;
			productRefGroup = C325452623C30AF800520D91 /* Products */;
			projectDirPath = "";
			projectRoot = "";
			targets = (
				C325452423C30AF800520D91 /* SwiftDemo */,
				C325453D23C30AFA00520D91 /* SwiftDemoTests */,
				C325454823C30AFA00520D91 /* SwiftDemoUITests */,
			);
		};
/* End PBXProject section */

/* Begin PBXResourcesBuildPhase section */
		C325452323C30AF800520D91 /* Resources */ = {
			isa = PBXResourcesBuildPhase;
			buildActionMask = 2147483647;
			files = (
				C325453823C30AFA00520D91 /* LaunchScreen.storyboard in Resources */,
				C325453523C30AFA00520D91 /* Assets.xcassets in Resources */,
				C325453023C30AF800520D91 /* Main.storyboard in Resources */,
			);
			runOnlyForDeploymentPostprocessing = 0;
		};
		C325453C23C30AFA00520D91 /* Resources */ = {
			isa = PBXResourcesBuildPhase;
			buildActionMask = 2147483647;
			files = (
			);
			runOnlyForDeploymentPostprocessing = 0;
		};
		C325454723C30AFA00520D91 /* Resources */ = {
			isa = PBXResourcesBuildPhase;
			buildActionMask = 2147483647;
			files = (
			);
			runOnlyForDeploymentPostprocessing = 0;
		};
/* End PBXResourcesBuildPhase section */

/* Begin PBXSourcesBuildPhase section */
		C325452123C30AF800520D91 /* Sources */ = {
			isa = PBXSourcesBuildPhase;
			buildActionMask = 2147483647;
			files = (
				C325453323C30AF800520D91 /* SwiftDemo.xcdatamodeld in Sources */,
				C325452D23C30AF800520D91 /* ViewController.swift in Sources */,
				C325452923C30AF800520D91 /* AppDelegate.swift in Sources */,
				C325452B23C30AF800520D91 /* SceneDelegate.swift in Sources */,
			);
			runOnlyForDeploymentPostprocessing = 0;
		};
		C325453A23C30AFA00520D91 /* Sources */ = {
			isa = PBXSourcesBuildPhase;
			buildActionMask = 2147483647;
			files = (
				C325454323C30AFA00520D91 /* SwiftDemoTests.swift in Sources */,
			);
			runOnlyForDeploymentPostprocessing = 0;
		};
		C325454523C30AFA00520D91 /* Sources */ = {
			isa = PBXSourcesBuildPhase;
			buildActionMask = 2147483647;
			files = (
				C325454E23C30AFA00520D91 /* SwiftDemoUITests.swift in Sources */,
			);
			runOnlyForDeploymentPostprocessing = 0;
		};
/* End PBXSourcesBuildPhase section */

/* Begin PBXTargetDependency section */
		C325454023C30AFA00520D91 /* PBXTargetDependency */ = {
			isa = PBXTargetDependency;
			target = C325452423C30AF800520D91 /* SwiftDemo */;
			targetProxy = C325453F23C30AFA00520D91 /* PBXContainerItemProxy */;
		};
		C325454B23C30AFA00520D91 /* PBXTargetDependency */ = {
			isa = PBXTargetDependency;
			target = C325452423C30AF800520D91 /* SwiftDemo */;
			targetProxy = C325454A23C30AFA00520D91 /* PBXContainerItemProxy */;
		};
/* End PBXTargetDependency section */

/* Begin PBXVariantGroup section */
		C325452E23C30AF800520D91 /* Main.storyboard */ = {
			isa = PBXVariantGroup;
			children = (
				C325452F23C30AF800520D91 /* Base */,
			);
			name = Main.storyboard;
			sourceTree = "<group>";
		};
		C325453623C30AFA00520D91 /* LaunchScreen.storyboard */ = {
			isa = PBXVariantGroup;
			children = (
				C325453723C30AFA00520D91 /* Base */,
			);
			name = LaunchScreen.storyboard;
			sourceTree = "<group>";
		};
/* End PBXVariantGroup section */

/* Begin XCBuildConfiguration section */
		C325455023C30AFA00520D91 /* Debug */ = {
			isa = XCBuildConfiguration;
			buildSettings = {
				ALWAYS_SEARCH_USER_PATHS = NO;
				CLANG_ANALYZER_NONNULL = YES;
				CLANG_ANALYZER_NUMBER_OBJECT_CONVERSION = YES_AGGRESSIVE;
				CLANG_CXX_LANGUAGE_STANDARD = "gnu++14";
				CLANG_CXX_LIBRARY = "libc++";
				CLANG_ENABLE_MODULES = YES;
				CLANG_ENABLE_OBJC_ARC = YES;
				CLANG_ENABLE_OBJC_WEAK = YES;
				CLANG_WARN_BLOCK_CAPTURE_AUTORELEASING = YES;
				CLANG_WARN_BOOL_CONVERSION = YES;
				CLANG_WARN_COMMA = YES;
				CLANG_WARN_CONSTANT_CONVERSION = YES;
				CLANG_WARN_DEPRECATED_OBJC_IMPLEMENTATIONS = YES;
				CLANG_WARN_DIRECT_OBJC_ISA_USAGE = YES_ERROR;
				CLANG_WARN_DOCUMENTATION_COMMENTS = YES;
				CLANG_WARN_EMPTY_BODY = YES;
				CLANG_WARN_ENUM_CONVERSION = YES;
				CLANG_WARN_INFINITE_RECURSION = YES;
				CLANG_WARN_INT_CONVERSION = YES;
				CLANG_WARN_NON_LITERAL_NULL_CONVERSION = YES;
				CLANG_WARN_OBJC_IMPLICIT_RETAIN_SELF = YES;
				CLANG_WARN_OBJC_LITERAL_CONVERSION = YES;
				CLANG_WARN_OBJC_ROOT_CLASS = YES_ERROR;
				CLANG_WARN_RANGE_LOOP_ANALYSIS = YES;
				CLANG_WARN_STRICT_PROTOTYPES = YES;
				CLANG_WARN_SUSPICIOUS_MOVE = YES;
				CLANG_WARN_UNGUARDED_AVAILABILITY = YES_AGGRESSIVE;
				CLANG_WARN_UNREACHABLE_CODE = YES;
				CLANG_WARN__DUPLICATE_METHOD_MATCH = YES;
				COPY_PHASE_STRIP = NO;
				DEBUG_INFORMATION_FORMAT = dwarf;
				ENABLE_STRICT_OBJC_MSGSEND = YES;
				ENABLE_TESTABILITY = YES;
				GCC_C_LANGUAGE_STANDARD = gnu11;
				GCC_DYNAMIC_NO_PIC = NO;
				GCC_NO_COMMON_BLOCKS = YES;
				GCC_OPTIMIZATION_LEVEL = 0;
				GCC_PREPROCESSOR_DEFINITIONS = (
					"DEBUG=1",
					"$(inherited)",
				);
				GCC_WARN_64_TO_32_BIT_CONVERSION = YES;
				GCC_WARN_ABOUT_RETURN_TYPE = YES_ERROR;
				GCC_WARN_UNDECLARED_SELECTOR = YES;
				GCC_WARN_UNINITIALIZED_AUTOS = YES_AGGRESSIVE;
				GCC_WARN_UNUSED_FUNCTION = YES;
				GCC_WARN_UNUSED_VARIABLE = YES;
				IPHONEOS_DEPLOYMENT_TARGET = 13.2;
				MTL_ENABLE_DEBUG_INFO = INCLUDE_SOURCE;
				MTL_FAST_MATH = YES;
				ONLY_ACTIVE_ARCH = YES;
				SDKROOT = iphoneos;
				SWIFT_ACTIVE_COMPILATION_CONDITIONS = DEBUG;
				SWIFT_OPTIMIZATION_LEVEL = "-Onone";
			};
			name = Debug;
		};
		C325455123C30AFA00520D91 /* Release */ = {
			isa = XCBuildConfiguration;
			buildSettings = {
				ALWAYS_SEARCH_USER_PATHS = NO;
				CLANG_ANALYZER_NONNULL = YES;
				CLANG_ANALYZER_NUMBER_OBJECT_CONVERSION = YES_AGGRESSIVE;
				CLANG_CXX_LANGUAGE_STANDARD = "gnu++14";
				CLANG_CXX_LIBRARY = "libc++";
				CLANG_ENABLE_MODULES = YES;
				CLANG_ENABLE_OBJC_ARC = YES;
				CLANG_ENABLE_OBJC_WEAK = YES;
				CLANG_WARN_BLOCK_CAPTURE_AUTORELEASING = YES;
				CLANG_WARN_BOOL_CONVERSION = YES;
				CLANG_WARN_COMMA = YES;
				CLANG_WARN_CONSTANT_CONVERSION = YES;
				CLANG_WARN_DEPRECATED_OBJC_IMPLEMENTATIONS = YES;
				CLANG_WARN_DIRECT_OBJC_ISA_USAGE = YES_ERROR;
				CLANG_WARN_DOCUMENTATION_COMMENTS = YES;
				CLANG_WARN_EMPTY_BODY = YES;
				CLANG_WARN_ENUM_CONVERSION = YES;
				CLANG_WARN_INFINITE_RECURSION = YES;
				CLANG_WARN_INT_CONVERSION = YES;
				CLANG_WARN_NON_LITERAL_NULL_CONVERSION = YES;
				CLANG_WARN_OBJC_IMPLICIT_RETAIN_SELF = YES;
				CLANG_WARN_OBJC_LITERAL_CONVERSION = YES;
				CLANG_WARN_OBJC_ROOT_CLASS = YES_ERROR;
				CLANG_WARN_RANGE_LOOP_ANALYSIS = YES;
				CLANG_WARN_STRICT_PROTOTYPES = YES;
				CLANG_WARN_SUSPICIOUS_MOVE = YES;
				CLANG_WARN_UNGUARDED_AVAILABILITY = YES_AGGRESSIVE;
				CLANG_WARN_UNREACHABLE_CODE = YES;
				CLANG_WARN__DUPLICATE_METHOD_MATCH = YES;
				COPY_PHASE_STRIP = NO;
				DEBUG_INFORMATION_FORMAT = "dwarf-with-dsym";
				ENABLE_NS_ASSERTIONS = NO;
				ENABLE_STRICT_OBJC_MSGSEND = YES;
				GCC_C_LANGUAGE_STANDARD = gnu11;
				GCC_NO_COMMON_BLOCKS = YES;
				GCC_WARN_64_TO_32_BIT_CONVERSION = YES;
				GCC_WARN_ABOUT_RETURN_TYPE = YES_ERROR;
				GCC_WARN_UNDECLARED_SELECTOR = YES;
				GCC_WARN_UNINITIALIZED_AUTOS = YES_AGGRESSIVE;
				GCC_WARN_UNUSED_FUNCTION = YES;
				GCC_WARN_UNUSED_VARIABLE = YES;
				IPHONEOS_DEPLOYMENT_TARGET = 13.2;
				MTL_ENABLE_DEBUG_INFO = NO;
				MTL_FAST_MATH = YES;
				SDKROOT = iphoneos;
				SWIFT_COMPILATION_MODE = wholemodule;
				SWIFT_OPTIMIZATION_LEVEL = "-O";
				VALIDATE_PRODUCT = YES;
			};
			name = Release;
		};
		C325455323C30AFA00520D91 /* Debug */ = {
			isa = XCBuildConfiguration;
			buildSettings = {
				ASSETCATALOG_COMPILER_APPICON_NAME = AppIcon;
				CODE_SIGN_STYLE = Automatic;
				INFOPLIST_FILE = SwiftDemo/Info.plist;
				LD_RUNPATH_SEARCH_PATHS = (
					"$(inherited)",
					"@executable_path/Frameworks",
				);
				PRODUCT_BUNDLE_IDENTIFIER = com.demo.SwiftDemo;
				PRODUCT_NAME = "$(TARGET_NAME)";
				SWIFT_VERSION = 5.0;
				TARGETED_DEVICE_FAMILY = "1,2";
			};
			name = Debug;
		};
		C325455423C30AFA00520D91 /* Release */ = {
			isa = XCBuildConfiguration;
			buildSettings = {
				ASSETCATALOG_COMPILER_APPICON_NAME = AppIcon;
				CODE_SIGN_STYLE = Automatic;
				INFOPLIST_FILE = SwiftDemo/Info.plist;
				LD_RUNPATH_SEARCH_PATHS = (
					"$(inherited)",
					"@executable_path/Frameworks",
				);
				PRODUCT_BUNDLE_IDENTIFIER = com.demo.SwiftDemo;
				PRODUCT_NAME = "$(TARGET_NAME)";
				SWIFT_VERSION = 5.0;
				TARGETED_DEVICE_FAMILY = "1,2";
			};
			name = Release;
		};
		C325455623C30AFA00520D91 /* Debug */ = {
			isa = XCBuildConfiguration;
			buildSettings = {
				ALWAYS_EMBED_SWIFT_STANDARD_LIBRARIES = YES;
				BUNDLE_LOADER = "$(TEST_HOST)";
				CODE_SIGN_STYLE = Automatic;
				INFOPLIST_FILE = SwiftDemoTests/Info.plist;
				IPHONEOS_DEPLOYMENT_TARGET = 13.2;
				LD_RUNPATH_SEARCH_PATHS = (
					"$(inherited)",
					"@executable_path/Frameworks",
					"@loader_path/Frameworks",
				);
				PRODUCT_BUNDLE_IDENTIFIER = com.demo.SwiftDemoTests;
				PRODUCT_NAME = "$(TARGET_NAME)";
				SWIFT_VERSION = 5.0;
				TARGETED_DEVICE_FAMILY = "1,2";
				TEST_HOST = "$(BUILT_PRODUCTS_DIR)/SwiftDemo.app/SwiftDemo";
			};
			name = Debug;
		};
		C325455723C30AFA00520D91 /* Release */ = {
			isa = XCBuildConfiguration;
			buildSettings = {
				ALWAYS_EMBED_SWIFT_STANDARD_LIBRARIES = YES;
				BUNDLE_LOADER = "$(TEST_HOST)";
				CODE_SIGN_STYLE = Automatic;
				INFOPLIST_FILE = SwiftDemoTests/Info.plist;
				IPHONEOS_DEPLOYMENT_TARGET = 13.2;
				LD_RUNPATH_SEARCH_PATHS = (
					"$(inherited)",
					"@executable_path/Frameworks",
					"@loader_path/Frameworks",
				);
				PRODUCT_BUNDLE_IDENTIFIER = com.demo.SwiftDemoTests;
				PRODUCT_NAME = "$(TARGET_NAME)";
				SWIFT_VERSION = 5.0;
				TARGETED_DEVICE_FAMILY = "1,2";
				TEST_HOST = "$(BUILT_PRODUCTS_DIR)/SwiftDemo.app/SwiftDemo";
			};
			name = Release;
		};
		C325455923C30AFA00520D91 /* Debug */ = {
			isa = XCBuildConfiguration;
			buildSettings = {
				ALWAYS_EMBED_SWIFT_STANDARD_LIBRARIES = YES;
				CODE_SIGN_STYLE = Automatic;
				INFOPLIST_FILE = SwiftDemoUITests/Info.plist;
				LD_RUNPATH_SEARCH_PATHS = (
					"$(inherited)",
					"@executable_path/Frameworks",
					"@loader_path/Frameworks",
				);
				PRODUCT_BUNDLE_IDENTIFIER = com.demo.SwiftDemoUITests;
				PRODUCT_NAME = "$(TARGET_NAME)";
				SWIFT_VERSION = 5.0;
				TARGETED_DEVICE_FAMILY = "1,2";
				TEST_TARGET_NAME = SwiftDemo;
			};
			name = Debug;
		};
		C325455A23C30AFA00520D91 /* Release */ = {
			isa = XCBuildConfiguration;
			buildSettings = {
				ALWAYS_EMBED_SWIFT_STANDARD_LIBRARIES = YES;
				CODE_SIGN_STYLE = Automatic;
				INFOPLIST_FILE = SwiftDemoUITests/Info.plist;
				LD_RUNPATH_SEARCH_PATHS = (
					"$(inherited)",
					"@executable_path/Frameworks",
					"@loader_path/Frameworks",
				);
				PRODUCT_BUNDLE_IDENTIFIER = com.demo.SwiftDemoUITests;
				PRODUCT_NAME = "$(TARGET_NAME)";
				SWIFT_VERSION = 5.0;
				TARGETED_DEVICE_FAMILY = "1,2";
				TEST_TARGET_NAME = SwiftDemo;
			};
			name = Release;
		};
/* End XCBuildConfiguration section */

/* Begin XCConfigurationList section */
		C325452023C30AF800520D91 /* Build configuration list for PBXProject "SwiftDemo" */ = {
			isa = XCConfigurationList;
			buildConfigurations = (
				C325455023C30AFA00520D91 /* Debug */,
				C325455123C30AFA00520D91 /* Release */,
			);
			defaultConfigurationIsVisible = 0;
			defaultConfigurationName = Release;
		};
		C325455223C30AFA00520D91 /* Build configuration list for PBXNativeTarget "SwiftDemo" */ = {
			isa = XCConfigurationList;
			buildConfigurations = (
				C325455323C30AFA00520D91 /* Debug */,
				C325455423C30AFA00520D91 /* Release */,
			);
			defaultConfigurationIsVisible = 0;
			defaultConfigurationName = Release;
		};
		C325455523C30AFA00520D91 /* Build configuration list for PBXNativeTarget "SwiftDemoTests" */ = {
			isa = XCConfigurationList;
			buildConfigurations = (
				C325455623C30AFA00520D91 /* Debug */,
				C325455723C30AFA00520D91 /* Release */,
			);
			defaultConfigurationIsVisible = 0;
			defaultConfigurationName = Release;
		};
		C325455823C30AFA00520D91 /* Build configuration list for PBXNativeTarget "SwiftDemoUITests" */ = {
			isa = XCConfigurationList;
			buildConfigurations = (
				C325455923C30AFA00520D91 /* Debug */,
				C325455A23C30AFA00520D91 /* Release */,
			);
			defaultConfigurationIsVisible = 0;
			defaultConfigurationName = Release;
		};
/* End XCConfigurationList section */

/* Begin XCVersionGroup section */
		C325453123C30AF800520D91 /* SwiftDemo.xcdatamodeld */ = {
			isa = XCVersionGroup;
			children = (
				C325453223C30AF800520D91 /* SwiftDemo.xcdatamodel */,
			);
			currentVersion = C325453223C30AF800520D91 /* SwiftDemo.xcdatamodel */;
			path = SwiftDemo.xcdatamodeld;
			sourceTree = "<group>";
			versionGroupType = wrapper.xcdatamodel;
		};
/* End XCVersionGroup section */
	};
	rootObject = C325451D23C30AF800520D91 /* Project object */;
}
